
Microsoft Visual Studio Solution File, Format Version 12.00
# Visual Studio Version 17
VisualStudioVersion = 17.7.34031.279
MinimumVisualStudioVersion = 10.0.40219.1
Project("{FAE04EC0-301F-11D3-BF4B-00C04F79EFBC}") = "InClass_L3_DelegatesLambdasEvents", "InClass_L3_DelegatesLambdasEvents.csproj", "{5D8A9DC3-5231-4DCD-AB13-C298C9960032}"
EndProject
Global
	GlobalSection(SolutionConfigurationPlatforms) = preSolution
		Debug|Any CPU = Debug|Any CPU
		Release|Any CPU = Release|Any CPU
	EndGlobalSection
	GlobalSection(ProjectConfigurationPlatforms) = postSolution
		{5D8A9DC3-5231-4DCD-AB13-C298C9960032}.Debug|Any CPU.ActiveCfg = Debug|Any CPU
		{5D8A9DC3-5231-4DCD-AB13-C298C9960032}.Debug|Any CPU.Build.0 = Debug|Any CPU
		{5D8A9DC3-5231-4DCD-AB13-C298C9960032}.Release|Any CPU.ActiveCfg = Release|Any CPU
		{5D8A9DC3-5231-4DCD-AB13-C298C9960032}.Release|Any CPU.Build.0 = Release|Any CPU
	EndGlobalSection
	GlobalSection(SolutionProperties) = preSolution
		HideSolutionNode = FALSE
	EndGlobalSection
	GlobalSection(ExtensibilityGlobals) = postSolution
		SolutionGuid = {BF93ECB3-0D77-4B10-A86C-A0A38765C3A3}
	EndGlobalSection
EndGlobal
